{
  "name": "ownleadrwebsite",
  "version": "1.0.0",
  "lockfileVersion": 1,
  "requires": true,
  "dependencies": {
    "delaunay-fast": {
      "version": "1.0.1",
      "resolved": "https://registry.npmjs.org/delaunay-fast/-/delaunay-fast-1.0.1.tgz",
      "integrity": "sha1-tQUHyw8f+FCtoAArnjrCiae1Jkk=",
      "dev": true
    }
  }
}
